
Microsoft Visual Studio Solution File, Format Version 12.00
# Visual Studio Version 16
VisualStudioVersion = 16.0.30413.136
MinimumVisualStudioVersion = 10.0.40219.1
Project("{FAE04EC0-301F-11D3-BF4B-00C04F79EFBC}") = "ISMFirstConsoleProject", "ISMFirstConsoleProject\ISMFirstConsoleProject.csproj", "{99B7960A-E9EA-4BB3-83F3-9340867F0B59}"
EndProject
Project("{FAE04EC0-301F-11D3-BF4B-00C04F79EFBC}") = "ISMSecondConsoleProject", "ISMSecondConsoleProject\ISMSecondConsoleProject.csproj", "{09B79E6F-0443-4E88-B359-BE79A3E612DD}"
EndProject
Global
	GlobalSection(SolutionConfigurationPlatforms) = preSolution
		Debug|Any CPU = Debug|Any CPU
		Release|Any CPU = Release|Any CPU
	EndGlobalSection
	GlobalSection(ProjectConfigurationPlatforms) = postSolution
		{99B7960A-E9EA-4BB3-83F3-9340867F0B59}.Debug|Any CPU.ActiveCfg = Debug|Any CPU
		{99B7960A-E9EA-4BB3-83F3-9340867F0B59}.Debug|Any CPU.Build.0 = Debug|Any CPU
		{99B7960A-E9EA-4BB3-83F3-9340867F0B59}.Release|Any CPU.ActiveCfg = Release|Any CPU
		{99B7960A-E9EA-4BB3-83F3-9340867F0B59}.Release|Any CPU.Build.0 = Release|Any CPU
		{09B79E6F-0443-4E88-B359-BE79A3E612DD}.Debug|Any CPU.ActiveCfg = Debug|Any CPU
		{09B79E6F-0443-4E88-B359-BE79A3E612DD}.Debug|Any CPU.Build.0 = Debug|Any CPU
		{09B79E6F-0443-4E88-B359-BE79A3E612DD}.Release|Any CPU.ActiveCfg = Release|Any CPU
		{09B79E6F-0443-4E88-B359-BE79A3E612DD}.Release|Any CPU.Build.0 = Release|Any CPU
	EndGlobalSection
	GlobalSection(SolutionProperties) = preSolution
		HideSolutionNode = FALSE
	EndGlobalSection
	GlobalSection(ExtensibilityGlobals) = postSolution
		SolutionGuid = {74A66295-C99E-47F2-B74A-8A928EF3EBDB}
	EndGlobalSection
EndGlobal
